
Microsoft Visual Studio Solution File, Format Version 12.00
# Visual Studio 15
VisualStudioVersion = 15.0.27703.2042
MinimumVisualStudioVersion = 10.0.40219.1
Project("{FAE04EC0-301F-11D3-BF4B-00C04F79EFBC}") = "yGuiXamarin.Android", "yGuiXamarin\yGuiXamarin.Android\yGuiXamarin.Android.csproj", "{EBD485C1-F6F8-4985-959D-4A7FCCC62AE3}"
EndProject
Project("{FAE04EC0-301F-11D3-BF4B-00C04F79EFBC}") = "yGuiXamarin.iOS", "yGuiXamarin\yGuiXamarin.iOS\yGuiXamarin.iOS.csproj", "{75DD9095-25E5-44B9-B9BD-0243DC720186}"
EndProject
Project("{FAE04EC0-301F-11D3-BF4B-00C04F79EFBC}") = "yGuiXamarin.UWP", "yGuiXamarin\yGuiXamarin.UWP\yGuiXamarin.UWP.csproj", "{126A5DBB-1725-4155-9A4A-22526EBD4F7D}"
EndProject
Project("{9A19103F-16F7-4668-BE54-9A1E7A4F7556}") = "yGuiXamarinTest", "yGuiXamarin\yGuiXamarin\yGuiXamarinTest.csproj", "{37FF77CB-EF9C-45FD-85A3-92ACB037225C}"
EndProject
Project("{9A19103F-16F7-4668-BE54-9A1E7A4F7556}") = "yGui", "yGuiStandard\yGui.csproj", "{BB1D9D57-4CC6-4656-9A94-D6B87C7B64B3}"
EndProject
Global
	GlobalSection(SolutionConfigurationPlatforms) = preSolution
		Ad-Hoc|Any CPU = Ad-Hoc|Any CPU
		Ad-Hoc|ARM = Ad-Hoc|ARM
		Ad-Hoc|iPhone = Ad-Hoc|iPhone
		Ad-Hoc|iPhoneSimulator = Ad-Hoc|iPhoneSimulator
		Ad-Hoc|x64 = Ad-Hoc|x64
		Ad-Hoc|x86 = Ad-Hoc|x86
		AppStore|Any CPU = AppStore|Any CPU
		AppStore|ARM = AppStore|ARM
		AppStore|iPhone = AppStore|iPhone
		AppStore|iPhoneSimulator = AppStore|iPhoneSimulator
		AppStore|x64 = AppStore|x64
		AppStore|x86 = AppStore|x86
		Debug|Any CPU = Debug|Any CPU
		Debug|ARM = Debug|ARM
		Debug|iPhone = Debug|iPhone
		Debug|iPhoneSimulator = Debug|iPhoneSimulator
		Debug|x64 = Debug|x64
		Debug|x86 = Debug|x86
		Release|Any CPU = Release|Any CPU
		Release|ARM = Release|ARM
		Release|iPhone = Release|iPhone
		Release|iPhoneSimulator = Release|iPhoneSimulator
		Release|x64 = Release|x64
		Release|x86 = Release|x86
	EndGlobalSection
	GlobalSection(ProjectConfigurationPlatforms) = postSolution
		{EBD485C1-F6F8-4985-959D-4A7FCCC62AE3}.Ad-Hoc|Any CPU.ActiveCfg = Release|Any CPU
		{EBD485C1-F6F8-4985-959D-4A7FCCC62AE3}.Ad-Hoc|Any CPU.Build.0 = Release|Any CPU
		{EBD485C1-F6F8-4985-959D-4A7FCCC62AE3}.Ad-Hoc|Any CPU.Deploy.0 = Release|Any CPU
		{EBD485C1-F6F8-4985-959D-4A7FCCC62AE3}.Ad-Hoc|ARM.ActiveCfg = Release|Any CPU
		{EBD485C1-F6F8-4985-959D-4A7FCCC62AE3}.Ad-Hoc|ARM.Build.0 = Release|Any CPU
		{EBD485C1-F6F8-4985-959D-4A7FCCC62AE3}.Ad-Hoc|ARM.Deploy.0 = Release|Any CPU
		{EBD485C1-F6F8-4985-959D-4A7FCCC62AE3}.Ad-Hoc|iPhone.ActiveCfg = Release|Any CPU
		{EBD485C1-F6F8-4985-959D-4A7FCCC62AE3}.Ad-Hoc|iPhone.Build.0 = Release|Any CPU
		{EBD485C1-F6F8-4985-959D-4A7FCCC62AE3}.Ad-Hoc|iPhone.Deploy.0 = Release|Any CPU
		{EBD485C1-F6F8-4985-959D-4A7FCCC62AE3}.Ad-Hoc|iPhoneSimulator.ActiveCfg = Release|Any CPU
		{EBD485C1-F6F8-4985-959D-4A7FCCC62AE3}.Ad-Hoc|iPhoneSimulator.Build.0 = Release|Any CPU
		{EBD485C1-F6F8-4985-959D-4A7FCCC62AE3}.Ad-Hoc|iPhoneSimulator.Deploy.0 = Release|Any CPU
		{EBD485C1-F6F8-4985-959D-4A7FCCC62AE3}.Ad-Hoc|x64.ActiveCfg = Release|Any CPU
		{EBD485C1-F6F8-4985-959D-4A7FCCC62AE3}.Ad-Hoc|x64.Build.0 = Release|Any CPU
		{EBD485C1-F6F8-4985-959D-4A7FCCC62AE3}.Ad-Hoc|x64.Deploy.0 = Release|Any CPU
		{EBD485C1-F6F8-4985-959D-4A7FCCC62AE3}.Ad-Hoc|x86.ActiveCfg = Release|Any CPU
		{EBD485C1-F6F8-4985-959D-4A7FCCC62AE3}.Ad-Hoc|x86.Build.0 = Release|Any CPU
		{EBD485C1-F6F8-4985-959D-4A7FCCC62AE3}.Ad-Hoc|x86.Deploy.0 = Release|Any CPU
		{EBD485C1-F6F8-4985-959D-4A7FCCC62AE3}.AppStore|Any CPU.ActiveCfg = Release|Any CPU
		{EBD485C1-F6F8-4985-959D-4A7FCCC62AE3}.AppStore|Any CPU.Build.0 = Release|Any CPU
		{EBD485C1-F6F8-4985-959D-4A7FCCC62AE3}.AppStore|Any CPU.Deploy.0 = Release|Any CPU
		{EBD485C1-F6F8-4985-959D-4A7FCCC62AE3}.AppStore|ARM.ActiveCfg = Release|Any CPU
		{EBD485C1-F6F8-4985-959D-4A7FCCC62AE3}.AppStore|ARM.Build.0 = Release|Any CPU
		{EBD485C1-F6F8-4985-959D-4A7FCCC62AE3}.AppStore|ARM.Deploy.0 = Release|Any CPU
		{EBD485C1-F6F8-4985-959D-4A7FCCC62AE3}.AppStore|iPhone.ActiveCfg = Release|Any CPU
		{EBD485C1-F6F8-4985-959D-4A7FCCC62AE3}.AppStore|iPhone.Build.0 = Release|Any CPU
		{EBD485C1-F6F8-4985-959D-4A7FCCC62AE3}.AppStore|iPhone.Deploy.0 = Release|Any CPU
		{EBD485C1-F6F8-4985-959D-4A7FCCC62AE3}.AppStore|iPhoneSimulator.ActiveCfg = Release|Any CPU
		{EBD485C1-F6F8-4985-959D-4A7FCCC62AE3}.AppStore|iPhoneSimulator.Build.0 = Release|Any CPU
		{EBD485C1-F6F8-4985-959D-4A7FCCC62AE3}.AppStore|iPhoneSimulator.Deploy.0 = Release|Any CPU
		{EBD485C1-F6F8-4985-959D-4A7FCCC62AE3}.AppStore|x64.ActiveCfg = Release|Any CPU
		{EBD485C1-F6F8-4985-959D-4A7FCCC62AE3}.AppStore|x64.Build.0 = Release|Any CPU
		{EBD485C1-F6F8-4985-959D-4A7FCCC62AE3}.AppStore|x64.Deploy.0 = Release|Any CPU
		{EBD485C1-F6F8-4985-959D-4A7FCCC62AE3}.AppStore|x86.ActiveCfg = Release|Any CPU
		{EBD485C1-F6F8-4985-959D-4A7FCCC62AE3}.AppStore|x86.Build.0 = Release|Any CPU
		{EBD485C1-F6F8-4985-959D-4A7FCCC62AE3}.AppStore|x86.Deploy.0 = Release|Any CPU
		{EBD485C1-F6F8-4985-959D-4A7FCCC62AE3}.Debug|Any CPU.ActiveCfg = Debug|Any CPU
		{EBD485C1-F6F8-4985-959D-4A7FCCC62AE3}.Debug|Any CPU.Build.0 = Debug|Any CPU
		{EBD485C1-F6F8-4985-959D-4A7FCCC62AE3}.Debug|Any CPU.Deploy.0 = Debug|Any CPU
		{EBD485C1-F6F8-4985-959D-4A7FCCC62AE3}.Debug|ARM.ActiveCfg = Debug|Any CPU
		{EBD485C1-F6F8-4985-959D-4A7FCCC62AE3}.Debug|ARM.Build.0 = Debug|Any CPU
		{EBD485C1-F6F8-4985-959D-4A7FCCC62AE3}.Debug|ARM.Deploy.0 = Debug|Any CPU
		{EBD485C1-F6F8-4985-959D-4A7FCCC62AE3}.Debug|iPhone.ActiveCfg = Debug|Any CPU
		{EBD485C1-F6F8-4985-959D-4A7FCCC62AE3}.Debug|iPhone.Build.0 = Debug|Any CPU
		{EBD485C1-F6F8-4985-959D-4A7FCCC62AE3}.Debug|iPhone.Deploy.0 = Debug|Any CPU
		{EBD485C1-F6F8-4985-959D-4A7FCCC62AE3}.Debug|iPhoneSimulator.ActiveCfg = Debug|Any CPU
		{EBD485C1-F6F8-4985-959D-4A7FCCC62AE3}.Debug|iPhoneSimulator.Build.0 = Debug|Any CPU
		{EBD485C1-F6F8-4985-959D-4A7FCCC62AE3}.Debug|iPhoneSimulator.Deploy.0 = Debug|Any CPU
		{EBD485C1-F6F8-4985-959D-4A7FCCC62AE3}.Debug|x64.ActiveCfg = Debug|Any CPU
		{EBD485C1-F6F8-4985-959D-4A7FCCC62AE3}.Debug|x64.Build.0 = Debug|Any CPU
		{EBD485C1-F6F8-4985-959D-4A7FCCC62AE3}.Debug|x64.Deploy.0 = Debug|Any CPU
		{EBD485C1-F6F8-4985-959D-4A7FCCC62AE3}.Debug|x86.ActiveCfg = Debug|Any CPU
		{EBD485C1-F6F8-4985-959D-4A7FCCC62AE3}.Debug|x86.Build.0 = Debug|Any CPU
		{EBD485C1-F6F8-4985-959D-4A7FCCC62AE3}.Debug|x86.Deploy.0 = Debug|Any CPU
		{EBD485C1-F6F8-4985-959D-4A7FCCC62AE3}.Release|Any CPU.ActiveCfg = Release|Any CPU
		{EBD485C1-F6F8-4985-959D-4A7FCCC62AE3}.Release|Any CPU.Build.0 = Release|Any CPU
		{EBD485C1-F6F8-4985-959D-4A7FCCC62AE3}.Release|Any CPU.Deploy.0 = Release|Any CPU
		{EBD485C1-F6F8-4985-959D-4A7FCCC62AE3}.Release|ARM.ActiveCfg = Release|Any CPU
		{EBD485C1-F6F8-4985-959D-4A7FCCC62AE3}.Release|ARM.Build.0 = Release|Any CPU
		{EBD485C1-F6F8-4985-959D-4A7FCCC62AE3}.Release|ARM.Deploy.0 = Release|Any CPU
		{EBD485C1-F6F8-4985-959D-4A7FCCC62AE3}.Release|iPhone.ActiveCfg = Release|Any CPU
		{EBD485C1-F6F8-4985-959D-4A7FCCC62AE3}.Release|iPhone.Build.0 = Release|Any CPU
		{EBD485C1-F6F8-4985-959D-4A7FCCC62AE3}.Release|iPhone.Deploy.0 = Release|Any CPU
		{EBD485C1-F6F8-4985-959D-4A7FCCC62AE3}.Release|iPhoneSimulator.ActiveCfg = Release|Any CPU
		{EBD485C1-F6F8-4985-959D-4A7FCCC62AE3}.Release|iPhoneSimulator.Build.0 = Release|Any CPU
		{EBD485C1-F6F8-4985-959D-4A7FCCC62AE3}.Release|iPhoneSimulator.Deploy.0 = Release|Any CPU
		{EBD485C1-F6F8-4985-959D-4A7FCCC62AE3}.Release|x64.ActiveCfg = Release|Any CPU
		{EBD485C1-F6F8-4985-959D-4A7FCCC62AE3}.Release|x64.Build.0 = Release|Any CPU
		{EBD485C1-F6F8-4985-959D-4A7FCCC62AE3}.Release|x64.Deploy.0 = Release|Any CPU
		{EBD485C1-F6F8-4985-959D-4A7FCCC62AE3}.Release|x86.ActiveCfg = Release|Any CPU
		{EBD485C1-F6F8-4985-959D-4A7FCCC62AE3}.Release|x86.Build.0 = Release|Any CPU
		{EBD485C1-F6F8-4985-959D-4A7FCCC62AE3}.Release|x86.Deploy.0 = Release|Any CPU
		{75DD9095-25E5-44B9-B9BD-0243DC720186}.Ad-Hoc|Any CPU.ActiveCfg = Ad-Hoc|iPhone
		{75DD9095-25E5-44B9-B9BD-0243DC720186}.Ad-Hoc|Any CPU.Build.0 = Ad-Hoc|iPhone
		{75DD9095-25E5-44B9-B9BD-0243DC720186}.Ad-Hoc|Any CPU.Deploy.0 = Ad-Hoc|iPhone
		{75DD9095-25E5-44B9-B9BD-0243DC720186}.Ad-Hoc|ARM.ActiveCfg = Ad-Hoc|iPhone
		{75DD9095-25E5-44B9-B9BD-0243DC720186}.Ad-Hoc|ARM.Build.0 = Ad-Hoc|iPhone
		{75DD9095-25E5-44B9-B9BD-0243DC720186}.Ad-Hoc|ARM.Deploy.0 = Ad-Hoc|iPhone
		{75DD9095-25E5-44B9-B9BD-0243DC720186}.Ad-Hoc|iPhone.ActiveCfg = Ad-Hoc|iPhone
		{75DD9095-25E5-44B9-B9BD-0243DC720186}.Ad-Hoc|iPhone.Build.0 = Ad-Hoc|iPhone
		{75DD9095-25E5-44B9-B9BD-0243DC720186}.Ad-Hoc|iPhone.Deploy.0 = Ad-Hoc|iPhone
		{75DD9095-25E5-44B9-B9BD-0243DC720186}.Ad-Hoc|iPhoneSimulator.ActiveCfg = Ad-Hoc|iPhoneSimulator
		{75DD9095-25E5-44B9-B9BD-0243DC720186}.Ad-Hoc|iPhoneSimulator.Build.0 = Ad-Hoc|iPhoneSimulator
		{75DD9095-25E5-44B9-B9BD-0243DC720186}.Ad-Hoc|iPhoneSimulator.Deploy.0 = Ad-Hoc|iPhoneSimulator
		{75DD9095-25E5-44B9-B9BD-0243DC720186}.Ad-Hoc|x64.ActiveCfg = Ad-Hoc|iPhone
		{75DD9095-25E5-44B9-B9BD-0243DC720186}.Ad-Hoc|x64.Build.0 = Ad-Hoc|iPhone
		{75DD9095-25E5-44B9-B9BD-0243DC720186}.Ad-Hoc|x64.Deploy.0 = Ad-Hoc|iPhone
		{75DD9095-25E5-44B9-B9BD-0243DC720186}.Ad-Hoc|x86.ActiveCfg = Ad-Hoc|iPhone
		{75DD9095-25E5-44B9-B9BD-0243DC720186}.Ad-Hoc|x86.Build.0 = Ad-Hoc|iPhone
		{75DD9095-25E5-44B9-B9BD-0243DC720186}.Ad-Hoc|x86.Deploy.0 = Ad-Hoc|iPhone
		{75DD9095-25E5-44B9-B9BD-0243DC720186}.AppStore|Any CPU.ActiveCfg = AppStore|iPhone
		{75DD9095-25E5-44B9-B9BD-0243DC720186}.AppStore|Any CPU.Build.0 = AppStore|iPhone
		{75DD9095-25E5-44B9-B9BD-0243DC720186}.AppStore|Any CPU.Deploy.0 = AppStore|iPhone
		{75DD9095-25E5-44B9-B9BD-0243DC720186}.AppStore|ARM.ActiveCfg = AppStore|iPhone
		{75DD9095-25E5-44B9-B9BD-0243DC720186}.AppStore|ARM.Build.0 = AppStore|iPhone
		{75DD9095-25E5-44B9-B9BD-0243DC720186}.AppStore|ARM.Deploy.0 = AppStore|iPhone
		{75DD9095-25E5-44B9-B9BD-0243DC720186}.AppStore|iPhone.ActiveCfg = AppStore|iPhone
		{75DD9095-25E5-44B9-B9BD-0243DC720186}.AppStore|iPhone.Build.0 = AppStore|iPhone
		{75DD9095-25E5-44B9-B9BD-0243DC720186}.AppStore|iPhone.Deploy.0 = AppStore|iPhone
		{75DD9095-25E5-44B9-B9BD-0243DC720186}.AppStore|iPhoneSimulator.ActiveCfg = AppStore|iPhoneSimulator
		{75DD9095-25E5-44B9-B9BD-0243DC720186}.AppStore|iPhoneSimulator.Build.0 = AppStore|iPhoneSimulator
		{75DD9095-25E5-44B9-B9BD-0243DC720186}.AppStore|iPhoneSimulator.Deploy.0 = AppStore|iPhoneSimulator
		{75DD9095-25E5-44B9-B9BD-0243DC720186}.AppStore|x64.ActiveCfg = AppStore|iPhone
		{75DD9095-25E5-44B9-B9BD-0243DC720186}.AppStore|x64.Build.0 = AppStore|iPhone
		{75DD9095-25E5-44B9-B9BD-0243DC720186}.AppStore|x64.Deploy.0 = AppStore|iPhone
		{75DD9095-25E5-44B9-B9BD-0243DC720186}.AppStore|x86.ActiveCfg = AppStore|iPhone
		{75DD9095-25E5-44B9-B9BD-0243DC720186}.AppStore|x86.Build.0 = AppStore|iPhone
		{75DD9095-25E5-44B9-B9BD-0243DC720186}.AppStore|x86.Deploy.0 = AppStore|iPhone
		{75DD9095-25E5-44B9-B9BD-0243DC720186}.Debug|Any CPU.ActiveCfg = Debug|iPhoneSimulator
		{75DD9095-25E5-44B9-B9BD-0243DC720186}.Debug|Any CPU.Build.0 = Debug|iPhoneSimulator
		{75DD9095-25E5-44B9-B9BD-0243DC720186}.Debug|Any CPU.Deploy.0 = Debug|iPhoneSimulator
		{75DD9095-25E5-44B9-B9BD-0243DC720186}.Debug|ARM.ActiveCfg = Debug|iPhone
		{75DD9095-25E5-44B9-B9BD-0243DC720186}.Debug|ARM.Build.0 = Debug|iPhone
		{75DD9095-25E5-44B9-B9BD-0243DC720186}.Debug|ARM.Deploy.0 = Debug|iPhone
		{75DD9095-25E5-44B9-B9BD-0243DC720186}.Debug|iPhone.ActiveCfg = Debug|iPhone
		{75DD9095-25E5-44B9-B9BD-0243DC720186}.Debug|iPhone.Build.0 = Debug|iPhone
		{75DD9095-25E5-44B9-B9BD-0243DC720186}.Debug|iPhone.Deploy.0 = Debug|iPhone
		{75DD9095-25E5-44B9-B9BD-0243DC720186}.Debug|iPhoneSimulator.ActiveCfg = Debug|iPhoneSimulator
		{75DD9095-25E5-44B9-B9BD-0243DC720186}.Debug|iPhoneSimulator.Build.0 = Debug|iPhoneSimulator
		{75DD9095-25E5-44B9-B9BD-0243DC720186}.Debug|iPhoneSimulator.Deploy.0 = Debug|iPhoneSimulator
		{75DD9095-25E5-44B9-B9BD-0243DC720186}.Debug|x64.ActiveCfg = Debug|iPhone
		{75DD9095-25E5-44B9-B9BD-0243DC720186}.Debug|x64.Build.0 = Debug|iPhone
		{75DD9095-25E5-44B9-B9BD-0243DC720186}.Debug|x64.Deploy.0 = Debug|iPhone
		{75DD9095-25E5-44B9-B9BD-0243DC720186}.Debug|x86.ActiveCfg = Debug|iPhone
		{75DD9095-25E5-44B9-B9BD-0243DC720186}.Debug|x86.Build.0 = Debug|iPhone
		{75DD9095-25E5-44B9-B9BD-0243DC720186}.Debug|x86.Deploy.0 = Debug|iPhone
		{75DD9095-25E5-44B9-B9BD-0243DC720186}.Release|Any CPU.ActiveCfg = Release|iPhone
		{75DD9095-25E5-44B9-B9BD-0243DC720186}.Release|Any CPU.Build.0 = Release|iPhone
		{75DD9095-25E5-44B9-B9BD-0243DC720186}.Release|Any CPU.Deploy.0 = Release|iPhone
		{75DD9095-25E5-44B9-B9BD-0243DC720186}.Release|ARM.ActiveCfg = Release|iPhone
		{75DD9095-25E5-44B9-B9BD-0243DC720186}.Release|ARM.Build.0 = Release|iPhone
		{75DD9095-25E5-44B9-B9BD-0243DC720186}.Release|ARM.Deploy.0 = Release|iPhone
		{75DD9095-25E5-44B9-B9BD-0243DC720186}.Release|iPhone.ActiveCfg = Release|iPhone
		{75DD9095-25E5-44B9-B9BD-0243DC720186}.Release|iPhone.Build.0 = Release|iPhone
		{75DD9095-25E5-44B9-B9BD-0243DC720186}.Release|iPhone.Deploy.0 = Release|iPhone
		{75DD9095-25E5-44B9-B9BD-0243DC720186}.Release|iPhoneSimulator.ActiveCfg = Release|iPhoneSimulator
		{75DD9095-25E5-44B9-B9BD-0243DC720186}.Release|iPhoneSimulator.Build.0 = Release|iPhoneSimulator
		{75DD9095-25E5-44B9-B9BD-0243DC720186}.Release|iPhoneSimulator.Deploy.0 = Release|iPhoneSimulator
		{75DD9095-25E5-44B9-B9BD-0243DC720186}.Release|x64.ActiveCfg = Release|iPhone
		{75DD9095-25E5-44B9-B9BD-0243DC720186}.Release|x64.Build.0 = Release|iPhone
		{75DD9095-25E5-44B9-B9BD-0243DC720186}.Release|x64.Deploy.0 = Release|iPhone
		{75DD9095-25E5-44B9-B9BD-0243DC720186}.Release|x86.ActiveCfg = Release|iPhone
		{75DD9095-25E5-44B9-B9BD-0243DC720186}.Release|x86.Build.0 = Release|iPhone
		{75DD9095-25E5-44B9-B9BD-0243DC720186}.Release|x86.Deploy.0 = Release|iPhone
		{126A5DBB-1725-4155-9A4A-22526EBD4F7D}.Ad-Hoc|Any CPU.ActiveCfg = Release|x86
		{126A5DBB-1725-4155-9A4A-22526EBD4F7D}.Ad-Hoc|Any CPU.Build.0 = Release|x86
		{126A5DBB-1725-4155-9A4A-22526EBD4F7D}.Ad-Hoc|Any CPU.Deploy.0 = Release|x86
		{126A5DBB-1725-4155-9A4A-22526EBD4F7D}.Ad-Hoc|ARM.ActiveCfg = Release|ARM
		{126A5DBB-1725-4155-9A4A-22526EBD4F7D}.Ad-Hoc|ARM.Build.0 = Release|ARM
		{126A5DBB-1725-4155-9A4A-22526EBD4F7D}.Ad-Hoc|ARM.Deploy.0 = Release|ARM
		{126A5DBB-1725-4155-9A4A-22526EBD4F7D}.Ad-Hoc|iPhone.ActiveCfg = Release|x86
		{126A5DBB-1725-4155-9A4A-22526EBD4F7D}.Ad-Hoc|iPhone.Build.0 = Release|x86
		{126A5DBB-1725-4155-9A4A-22526EBD4F7D}.Ad-Hoc|iPhone.Deploy.0 = Release|x86
		{126A5DBB-1725-4155-9A4A-22526EBD4F7D}.Ad-Hoc|iPhoneSimulator.ActiveCfg = Release|x86
		{126A5DBB-1725-4155-9A4A-22526EBD4F7D}.Ad-Hoc|iPhoneSimulator.Build.0 = Release|x86
		{126A5DBB-1725-4155-9A4A-22526EBD4F7D}.Ad-Hoc|iPhoneSimulator.Deploy.0 = Release|x86
		{126A5DBB-1725-4155-9A4A-22526EBD4F7D}.Ad-Hoc|x64.ActiveCfg = Release|x64
		{126A5DBB-1725-4155-9A4A-22526EBD4F7D}.Ad-Hoc|x64.Build.0 = Release|x64
		{126A5DBB-1725-4155-9A4A-22526EBD4F7D}.Ad-Hoc|x64.Deploy.0 = Release|x64
		{126A5DBB-1725-4155-9A4A-22526EBD4F7D}.Ad-Hoc|x86.ActiveCfg = Release|x86
		{126A5DBB-1725-4155-9A4A-22526EBD4F7D}.Ad-Hoc|x86.Build.0 = Release|x86
		{126A5DBB-1725-4155-9A4A-22526EBD4F7D}.Ad-Hoc|x86.Deploy.0 = Release|x86
		{126A5DBB-1725-4155-9A4A-22526EBD4F7D}.AppStore|Any CPU.ActiveCfg = Release|x86
		{126A5DBB-1725-4155-9A4A-22526EBD4F7D}.AppStore|Any CPU.Build.0 = Release|x86
		{126A5DBB-1725-4155-9A4A-22526EBD4F7D}.AppStore|Any CPU.Deploy.0 = Release|x86
		{126A5DBB-1725-4155-9A4A-22526EBD4F7D}.AppStore|ARM.ActiveCfg = Release|ARM
		{126A5DBB-1725-4155-9A4A-22526EBD4F7D}.AppStore|ARM.Build.0 = Release|ARM
		{126A5DBB-1725-4155-9A4A-22526EBD4F7D}.AppStore|ARM.Deploy.0 = Release|ARM
		{126A5DBB-1725-4155-9A4A-22526EBD4F7D}.AppStore|iPhone.ActiveCfg = Release|x86
		{126A5DBB-1725-4155-9A4A-22526EBD4F7D}.AppStore|iPhone.Build.0 = Release|x86
		{126A5DBB-1725-4155-9A4A-22526EBD4F7D}.AppStore|iPhone.Deploy.0 = Release|x86
		{126A5DBB-1725-4155-9A4A-22526EBD4F7D}.AppStore|iPhoneSimulator.ActiveCfg = Release|x86
		{126A5DBB-1725-4155-9A4A-22526EBD4F7D}.AppStore|iPhoneSimulator.Build.0 = Release|x86
		{126A5DBB-1725-4155-9A4A-22526EBD4F7D}.AppStore|iPhoneSimulator.Deploy.0 = Release|x86
		{126A5DBB-1725-4155-9A4A-22526EBD4F7D}.AppStore|x64.ActiveCfg = Release|x64
		{126A5DBB-1725-4155-9A4A-22526EBD4F7D}.AppStore|x64.Build.0 = Release|x64
		{126A5DBB-1725-4155-9A4A-22526EBD4F7D}.AppStore|x64.Deploy.0 = Release|x64
		{126A5DBB-1725-4155-9A4A-22526EBD4F7D}.AppStore|x86.ActiveCfg = Release|x86
		{126A5DBB-1725-4155-9A4A-22526EBD4F7D}.AppStore|x86.Build.0 = Release|x86
		{126A5DBB-1725-4155-9A4A-22526EBD4F7D}.AppStore|x86.Deploy.0 = Release|x86
		{126A5DBB-1725-4155-9A4A-22526EBD4F7D}.Debug|Any CPU.ActiveCfg = Debug|x86
		{126A5DBB-1725-4155-9A4A-22526EBD4F7D}.Debug|Any CPU.Build.0 = Debug|x86
		{126A5DBB-1725-4155-9A4A-22526EBD4F7D}.Debug|Any CPU.Deploy.0 = Debug|x86
		{126A5DBB-1725-4155-9A4A-22526EBD4F7D}.Debug|ARM.ActiveCfg = Debug|ARM
		{126A5DBB-1725-4155-9A4A-22526EBD4F7D}.Debug|ARM.Build.0 = Debug|ARM
		{126A5DBB-1725-4155-9A4A-22526EBD4F7D}.Debug|ARM.Deploy.0 = Debug|ARM
		{126A5DBB-1725-4155-9A4A-22526EBD4F7D}.Debug|iPhone.ActiveCfg = Debug|x86
		{126A5DBB-1725-4155-9A4A-22526EBD4F7D}.Debug|iPhone.Build.0 = Debug|x86
		{126A5DBB-1725-4155-9A4A-22526EBD4F7D}.Debug|iPhone.Deploy.0 = Debug|x86
		{126A5DBB-1725-4155-9A4A-22526EBD4F7D}.Debug|iPhoneSimulator.ActiveCfg = Debug|x86
		{126A5DBB-1725-4155-9A4A-22526EBD4F7D}.Debug|iPhoneSimulator.Build.0 = Debug|x86
		{126A5DBB-1725-4155-9A4A-22526EBD4F7D}.Debug|iPhoneSimulator.Deploy.0 = Debug|x86
		{126A5DBB-1725-4155-9A4A-22526EBD4F7D}.Debug|x64.ActiveCfg = Debug|x64
		{126A5DBB-1725-4155-9A4A-22526EBD4F7D}.Debug|x64.Build.0 = Debug|x64
		{126A5DBB-1725-4155-9A4A-22526EBD4F7D}.Debug|x64.Deploy.0 = Debug|x64
		{126A5DBB-1725-4155-9A4A-22526EBD4F7D}.Debug|x86.ActiveCfg = Debug|x86
		{126A5DBB-1725-4155-9A4A-22526EBD4F7D}.Debug|x86.Build.0 = Debug|x86
		{126A5DBB-1725-4155-9A4A-22526EBD4F7D}.Debug|x86.Deploy.0 = Debug|x86
		{126A5DBB-1725-4155-9A4A-22526EBD4F7D}.Release|Any CPU.ActiveCfg = Release|x86
		{126A5DBB-1725-4155-9A4A-22526EBD4F7D}.Release|Any CPU.Build.0 = Release|x86
		{126A5DBB-1725-4155-9A4A-22526EBD4F7D}.Release|Any CPU.Deploy.0 = Release|x86
		{126A5DBB-1725-4155-9A4A-22526EBD4F7D}.Release|ARM.ActiveCfg = Release|ARM
		{126A5DBB-1725-4155-9A4A-22526EBD4F7D}.Release|ARM.Build.0 = Release|ARM
		{126A5DBB-1725-4155-9A4A-22526EBD4F7D}.Release|ARM.Deploy.0 = Release|ARM
		{126A5DBB-1725-4155-9A4A-22526EBD4F7D}.Release|iPhone.ActiveCfg = Release|x86
		{126A5DBB-1725-4155-9A4A-22526EBD4F7D}.Release|iPhone.Build.0 = Release|x86
		{126A5DBB-1725-4155-9A4A-22526EBD4F7D}.Release|iPhone.Deploy.0 = Release|x86
		{126A5DBB-1725-4155-9A4A-22526EBD4F7D}.Release|iPhoneSimulator.ActiveCfg = Release|x86
		{126A5DBB-1725-4155-9A4A-22526EBD4F7D}.Release|iPhoneSimulator.Build.0 = Release|x86
		{126A5DBB-1725-4155-9A4A-22526EBD4F7D}.Release|iPhoneSimulator.Deploy.0 = Release|x86
		{126A5DBB-1725-4155-9A4A-22526EBD4F7D}.Release|x64.ActiveCfg = Release|x64
		{126A5DBB-1725-4155-9A4A-22526EBD4F7D}.Release|x64.Build.0 = Release|x64
		{126A5DBB-1725-4155-9A4A-22526EBD4F7D}.Release|x64.Deploy.0 = Release|x64
		{126A5DBB-1725-4155-9A4A-22526EBD4F7D}.Release|x86.ActiveCfg = Release|x86
		{126A5DBB-1725-4155-9A4A-22526EBD4F7D}.Release|x86.Build.0 = Release|x86
		{126A5DBB-1725-4155-9A4A-22526EBD4F7D}.Release|x86.Deploy.0 = Release|x86
		{37FF77CB-EF9C-45FD-85A3-92ACB037225C}.Ad-Hoc|Any CPU.ActiveCfg = Debug|Any CPU
		{37FF77CB-EF9C-45FD-85A3-92ACB037225C}.Ad-Hoc|Any CPU.Build.0 = Debug|Any CPU
		{37FF77CB-EF9C-45FD-85A3-92ACB037225C}.Ad-Hoc|Any CPU.Deploy.0 = Debug|Any CPU
		{37FF77CB-EF9C-45FD-85A3-92ACB037225C}.Ad-Hoc|ARM.ActiveCfg = Debug|Any CPU
		{37FF77CB-EF9C-45FD-85A3-92ACB037225C}.Ad-Hoc|ARM.Build.0 = Debug|Any CPU
		{37FF77CB-EF9C-45FD-85A3-92ACB037225C}.Ad-Hoc|ARM.Deploy.0 = Debug|Any CPU
		{37FF77CB-EF9C-45FD-85A3-92ACB037225C}.Ad-Hoc|iPhone.ActiveCfg = Debug|Any CPU
		{37FF77CB-EF9C-45FD-85A3-92ACB037225C}.Ad-Hoc|iPhone.Build.0 = Debug|Any CPU
		{37FF77CB-EF9C-45FD-85A3-92ACB037225C}.Ad-Hoc|iPhone.Deploy.0 = Debug|Any CPU
		{37FF77CB-EF9C-45FD-85A3-92ACB037225C}.Ad-Hoc|iPhoneSimulator.ActiveCfg = Debug|Any CPU
		{37FF77CB-EF9C-45FD-85A3-92ACB037225C}.Ad-Hoc|iPhoneSimulator.Build.0 = Debug|Any CPU
		{37FF77CB-EF9C-45FD-85A3-92ACB037225C}.Ad-Hoc|iPhoneSimulator.Deploy.0 = Debug|Any CPU
		{37FF77CB-EF9C-45FD-85A3-92ACB037225C}.Ad-Hoc|x64.ActiveCfg = Debug|Any CPU
		{37FF77CB-EF9C-45FD-85A3-92ACB037225C}.Ad-Hoc|x64.Build.0 = Debug|Any CPU
		{37FF77CB-EF9C-45FD-85A3-92ACB037225C}.Ad-Hoc|x64.Deploy.0 = Debug|Any CPU
		{37FF77CB-EF9C-45FD-85A3-92ACB037225C}.Ad-Hoc|x86.ActiveCfg = Debug|Any CPU
		{37FF77CB-EF9C-45FD-85A3-92ACB037225C}.Ad-Hoc|x86.Build.0 = Debug|Any CPU
		{37FF77CB-EF9C-45FD-85A3-92ACB037225C}.Ad-Hoc|x86.Deploy.0 = Debug|Any CPU
		{37FF77CB-EF9C-45FD-85A3-92ACB037225C}.AppStore|Any CPU.ActiveCfg = Debug|Any CPU
		{37FF77CB-EF9C-45FD-85A3-92ACB037225C}.AppStore|Any CPU.Build.0 = Debug|Any CPU
		{37FF77CB-EF9C-45FD-85A3-92ACB037225C}.AppStore|Any CPU.Deploy.0 = Debug|Any CPU
		{37FF77CB-EF9C-45FD-85A3-92ACB037225C}.AppStore|ARM.ActiveCfg = Debug|Any CPU
		{37FF77CB-EF9C-45FD-85A3-92ACB037225C}.AppStore|ARM.Build.0 = Debug|Any CPU
		{37FF77CB-EF9C-45FD-85A3-92ACB037225C}.AppStore|ARM.Deploy.0 = Debug|Any CPU
		{37FF77CB-EF9C-45FD-85A3-92ACB037225C}.AppStore|iPhone.ActiveCfg = Debug|Any CPU
		{37FF77CB-EF9C-45FD-85A3-92ACB037225C}.AppStore|iPhone.Build.0 = Debug|Any CPU
		{37FF77CB-EF9C-45FD-85A3-92ACB037225C}.AppStore|iPhone.Deploy.0 = Debug|Any CPU
		{37FF77CB-EF9C-45FD-85A3-92ACB037225C}.AppStore|iPhoneSimulator.ActiveCfg = Debug|Any CPU
		{37FF77CB-EF9C-45FD-85A3-92ACB037225C}.AppStore|iPhoneSimulator.Build.0 = Debug|Any CPU
		{37FF77CB-EF9C-45FD-85A3-92ACB037225C}.AppStore|iPhoneSimulator.Deploy.0 = Debug|Any CPU
		{37FF77CB-EF9C-45FD-85A3-92ACB037225C}.AppStore|x64.ActiveCfg = Debug|Any CPU
		{37FF77CB-EF9C-45FD-85A3-92ACB037225C}.AppStore|x64.Build.0 = Debug|Any CPU
		{37FF77CB-EF9C-45FD-85A3-92ACB037225C}.AppStore|x64.Deploy.0 = Debug|Any CPU
		{37FF77CB-EF9C-45FD-85A3-92ACB037225C}.AppStore|x86.ActiveCfg = Debug|Any CPU
		{37FF77CB-EF9C-45FD-85A3-92ACB037225C}.AppStore|x86.Build.0 = Debug|Any CPU
		{37FF77CB-EF9C-45FD-85A3-92ACB037225C}.AppStore|x86.Deploy.0 = Debug|Any CPU
		{37FF77CB-EF9C-45FD-85A3-92ACB037225C}.Debug|Any CPU.ActiveCfg = Debug|Any CPU
		{37FF77CB-EF9C-45FD-85A3-92ACB037225C}.Debug|Any CPU.Build.0 = Debug|Any CPU
		{37FF77CB-EF9C-45FD-85A3-92ACB037225C}.Debug|Any CPU.Deploy.0 = Debug|Any CPU
		{37FF77CB-EF9C-45FD-85A3-92ACB037225C}.Debug|ARM.ActiveCfg = Debug|Any CPU
		{37FF77CB-EF9C-45FD-85A3-92ACB037225C}.Debug|ARM.Build.0 = Debug|Any CPU
		{37FF77CB-EF9C-45FD-85A3-92ACB037225C}.Debug|ARM.Deploy.0 = Debug|Any CPU
		{37FF77CB-EF9C-45FD-85A3-92ACB037225C}.Debug|iPhone.ActiveCfg = Debug|Any CPU
		{37FF77CB-EF9C-45FD-85A3-92ACB037225C}.Debug|iPhone.Build.0 = Debug|Any CPU
		{37FF77CB-EF9C-45FD-85A3-92ACB037225C}.Debug|iPhone.Deploy.0 = Debug|Any CPU
		{37FF77CB-EF9C-45FD-85A3-92ACB037225C}.Debug|iPhoneSimulator.ActiveCfg = Debug|Any CPU
		{37FF77CB-EF9C-45FD-85A3-92ACB037225C}.Debug|iPhoneSimulator.Build.0 = Debug|Any CPU
		{37FF77CB-EF9C-45FD-85A3-92ACB037225C}.Debug|iPhoneSimulator.Deploy.0 = Debug|Any CPU
		{37FF77CB-EF9C-45FD-85A3-92ACB037225C}.Debug|x64.ActiveCfg = Debug|Any CPU
		{37FF77CB-EF9C-45FD-85A3-92ACB037225C}.Debug|x64.Build.0 = Debug|Any CPU
		{37FF77CB-EF9C-45FD-85A3-92ACB037225C}.Debug|x64.Deploy.0 = Debug|Any CPU
		{37FF77CB-EF9C-45FD-85A3-92ACB037225C}.Debug|x86.ActiveCfg = Debug|Any CPU
		{37FF77CB-EF9C-45FD-85A3-92ACB037225C}.Debug|x86.Build.0 = Debug|Any CPU
		{37FF77CB-EF9C-45FD-85A3-92ACB037225C}.Debug|x86.Deploy.0 = Debug|Any CPU
		{37FF77CB-EF9C-45FD-85A3-92ACB037225C}.Release|Any CPU.ActiveCfg = Release|Any CPU
		{37FF77CB-EF9C-45FD-85A3-92ACB037225C}.Release|Any CPU.Build.0 = Release|Any CPU
		{37FF77CB-EF9C-45FD-85A3-92ACB037225C}.Release|Any CPU.Deploy.0 = Release|Any CPU
		{37FF77CB-EF9C-45FD-85A3-92ACB037225C}.Release|ARM.ActiveCfg = Release|Any CPU
		{37FF77CB-EF9C-45FD-85A3-92ACB037225C}.Release|ARM.Build.0 = Release|Any CPU
		{37FF77CB-EF9C-45FD-85A3-92ACB037225C}.Release|ARM.Deploy.0 = Release|Any CPU
		{37FF77CB-EF9C-45FD-85A3-92ACB037225C}.Release|iPhone.ActiveCfg = Release|Any CPU
		{37FF77CB-EF9C-45FD-85A3-92ACB037225C}.Release|iPhone.Build.0 = Release|Any CPU
		{37FF77CB-EF9C-45FD-85A3-92ACB037225C}.Release|iPhone.Deploy.0 = Release|Any CPU
		{37FF77CB-EF9C-45FD-85A3-92ACB037225C}.Release|iPhoneSimulator.ActiveCfg = Release|Any CPU
		{37FF77CB-EF9C-45FD-85A3-92ACB037225C}.Release|iPhoneSimulator.Build.0 = Release|Any CPU
		{37FF77CB-EF9C-45FD-85A3-92ACB037225C}.Release|iPhoneSimulator.Deploy.0 = Release|Any CPU
		{37FF77CB-EF9C-45FD-85A3-92ACB037225C}.Release|x64.ActiveCfg = Release|Any CPU
		{37FF77CB-EF9C-45FD-85A3-92ACB037225C}.Release|x64.Build.0 = Release|Any CPU
		{37FF77CB-EF9C-45FD-85A3-92ACB037225C}.Release|x64.Deploy.0 = Release|Any CPU
		{37FF77CB-EF9C-45FD-85A3-92ACB037225C}.Release|x86.ActiveCfg = Release|Any CPU
		{37FF77CB-EF9C-45FD-85A3-92ACB037225C}.Release|x86.Build.0 = Release|Any CPU
		{37FF77CB-EF9C-45FD-85A3-92ACB037225C}.Release|x86.Deploy.0 = Release|Any CPU
		{BB1D9D57-4CC6-4656-9A94-D6B87C7B64B3}.Ad-Hoc|Any CPU.ActiveCfg = Debug|Any CPU
		{BB1D9D57-4CC6-4656-9A94-D6B87C7B64B3}.Ad-Hoc|Any CPU.Build.0 = Debug|Any CPU
		{BB1D9D57-4CC6-4656-9A94-D6B87C7B64B3}.Ad-Hoc|ARM.ActiveCfg = Debug|Any CPU
		{BB1D9D57-4CC6-4656-9A94-D6B87C7B64B3}.Ad-Hoc|ARM.Build.0 = Debug|Any CPU
		{BB1D9D57-4CC6-4656-9A94-D6B87C7B64B3}.Ad-Hoc|iPhone.ActiveCfg = Debug|Any CPU
		{BB1D9D57-4CC6-4656-9A94-D6B87C7B64B3}.Ad-Hoc|iPhone.Build.0 = Debug|Any CPU
		{BB1D9D57-4CC6-4656-9A94-D6B87C7B64B3}.Ad-Hoc|iPhoneSimulator.ActiveCfg = Debug|Any CPU
		{BB1D9D57-4CC6-4656-9A94-D6B87C7B64B3}.Ad-Hoc|iPhoneSimulator.Build.0 = Debug|Any CPU
		{BB1D9D57-4CC6-4656-9A94-D6B87C7B64B3}.Ad-Hoc|x64.ActiveCfg = Debug|Any CPU
		{BB1D9D57-4CC6-4656-9A94-D6B87C7B64B3}.Ad-Hoc|x64.Build.0 = Debug|Any CPU
		{BB1D9D57-4CC6-4656-9A94-D6B87C7B64B3}.Ad-Hoc|x86.ActiveCfg = Debug|Any CPU
		{BB1D9D57-4CC6-4656-9A94-D6B87C7B64B3}.Ad-Hoc|x86.Build.0 = Debug|Any CPU
		{BB1D9D57-4CC6-4656-9A94-D6B87C7B64B3}.AppStore|Any CPU.ActiveCfg = Debug|Any CPU
		{BB1D9D57-4CC6-4656-9A94-D6B87C7B64B3}.AppStore|Any CPU.Build.0 = Debug|Any CPU
		{BB1D9D57-4CC6-4656-9A94-D6B87C7B64B3}.AppStore|ARM.ActiveCfg = Debug|Any CPU
		{BB1D9D57-4CC6-4656-9A94-D6B87C7B64B3}.AppStore|ARM.Build.0 = Debug|Any CPU
		{BB1D9D57-4CC6-4656-9A94-D6B87C7B64B3}.AppStore|iPhone.ActiveCfg = Debug|Any CPU
		{BB1D9D57-4CC6-4656-9A94-D6B87C7B64B3}.AppStore|iPhone.Build.0 = Debug|Any CPU
		{BB1D9D57-4CC6-4656-9A94-D6B87C7B64B3}.AppStore|iPhoneSimulator.ActiveCfg = Debug|Any CPU
		{BB1D9D57-4CC6-4656-9A94-D6B87C7B64B3}.AppStore|iPhoneSimulator.Build.0 = Debug|Any CPU
		{BB1D9D57-4CC6-4656-9A94-D6B87C7B64B3}.AppStore|x64.ActiveCfg = Debug|Any CPU
		{BB1D9D57-4CC6-4656-9A94-D6B87C7B64B3}.AppStore|x64.Build.0 = Debug|Any CPU
		{BB1D9D57-4CC6-4656-9A94-D6B87C7B64B3}.AppStore|x86.ActiveCfg = Debug|Any CPU
		{BB1D9D57-4CC6-4656-9A94-D6B87C7B64B3}.AppStore|x86.Build.0 = Debug|Any CPU
		{BB1D9D57-4CC6-4656-9A94-D6B87C7B64B3}.Debug|Any CPU.ActiveCfg = Debug|Any CPU
		{BB1D9D57-4CC6-4656-9A94-D6B87C7B64B3}.Debug|Any CPU.Build.0 = Debug|Any CPU
		{BB1D9D57-4CC6-4656-9A94-D6B87C7B64B3}.Debug|ARM.ActiveCfg = Debug|Any CPU
		{BB1D9D57-4CC6-4656-9A94-D6B87C7B64B3}.Debug|ARM.Build.0 = Debug|Any CPU
		{BB1D9D57-4CC6-4656-9A94-D6B87C7B64B3}.Debug|iPhone.ActiveCfg = Debug|Any CPU
		{BB1D9D57-4CC6-4656-9A94-D6B87C7B64B3}.Debug|iPhone.Build.0 = Debug|Any CPU
		{BB1D9D57-4CC6-4656-9A94-D6B87C7B64B3}.Debug|iPhoneSimulator.ActiveCfg = Debug|Any CPU
		{BB1D9D57-4CC6-4656-9A94-D6B87C7B64B3}.Debug|iPhoneSimulator.Build.0 = Debug|Any CPU
		{BB1D9D57-4CC6-4656-9A94-D6B87C7B64B3}.Debug|x64.ActiveCfg = Debug|Any CPU
		{BB1D9D57-4CC6-4656-9A94-D6B87C7B64B3}.Debug|x64.Build.0 = Debug|Any CPU
		{BB1D9D57-4CC6-4656-9A94-D6B87C7B64B3}.Debug|x86.ActiveCfg = Debug|Any CPU
		{BB1D9D57-4CC6-4656-9A94-D6B87C7B64B3}.Debug|x86.Build.0 = Debug|Any CPU
		{BB1D9D57-4CC6-4656-9A94-D6B87C7B64B3}.Release|Any CPU.ActiveCfg = Release|Any CPU
		{BB1D9D57-4CC6-4656-9A94-D6B87C7B64B3}.Release|Any CPU.Build.0 = Release|Any CPU
		{BB1D9D57-4CC6-4656-9A94-D6B87C7B64B3}.Release|ARM.ActiveCfg = Release|Any CPU
		{BB1D9D57-4CC6-4656-9A94-D6B87C7B64B3}.Release|ARM.Build.0 = Release|Any CPU
		{BB1D9D57-4CC6-4656-9A94-D6B87C7B64B3}.Release|iPhone.ActiveCfg = Release|Any CPU
		{BB1D9D57-4CC6-4656-9A94-D6B87C7B64B3}.Release|iPhone.Build.0 = Release|Any CPU
		{BB1D9D57-4CC6-4656-9A94-D6B87C7B64B3}.Release|iPhoneSimulator.ActiveCfg = Release|Any CPU
		{BB1D9D57-4CC6-4656-9A94-D6B87C7B64B3}.Release|iPhoneSimulator.Build.0 = Release|Any CPU
		{BB1D9D57-4CC6-4656-9A94-D6B87C7B64B3}.Release|x64.ActiveCfg = Release|Any CPU
		{BB1D9D57-4CC6-4656-9A94-D6B87C7B64B3}.Release|x64.Build.0 = Release|Any CPU
		{BB1D9D57-4CC6-4656-9A94-D6B87C7B64B3}.Release|x86.ActiveCfg = Release|Any CPU
		{BB1D9D57-4CC6-4656-9A94-D6B87C7B64B3}.Release|x86.Build.0 = Release|Any CPU
	EndGlobalSection
	GlobalSection(SolutionProperties) = preSolution
		HideSolutionNode = FALSE
	EndGlobalSection
	GlobalSection(ExtensibilityGlobals) = postSolution
		SolutionGuid = {6B3D9924-6252-4139-A2AF-CEFD6065328B}
	EndGlobalSection
EndGlobal
