
Microsoft Visual Studio Solution File, Format Version 12.00
# Visual Studio 15
VisualStudioVersion = 15.0.27703.2042
MinimumVisualStudioVersion = 10.0.40219.1
Project("{FAE04EC0-301F-11D3-BF4B-00C04F79EFBC}") = "yGuiWPF", "yGuiWPF.csproj", "{C555E189-1FFD-4CBD-B375-F596483CCF23}"
EndProject
Project("{FAE04EC0-301F-11D3-BF4B-00C04F79EFBC}") = "yGuiWPF_Demo", "..\yGuiWPF_Demo\yGuiWPF_Demo.csproj", "{ED1EB48D-F879-42E1-A604-106B64A6B95D}"
EndProject
Global
	GlobalSection(SolutionConfigurationPlatforms) = preSolution
		Debug|Any CPU = Debug|Any CPU
		Release|Any CPU = Release|Any CPU
	EndGlobalSection
	GlobalSection(ProjectConfigurationPlatforms) = postSolution
		{C555E189-1FFD-4CBD-B375-F596483CCF23}.Debug|Any CPU.ActiveCfg = Debug|Any CPU
		{C555E189-1FFD-4CBD-B375-F596483CCF23}.Debug|Any CPU.Build.0 = Debug|Any CPU
		{C555E189-1FFD-4CBD-B375-F596483CCF23}.Release|Any CPU.ActiveCfg = Release|Any CPU
		{C555E189-1FFD-4CBD-B375-F596483CCF23}.Release|Any CPU.Build.0 = Release|Any CPU
		{ED1EB48D-F879-42E1-A604-106B64A6B95D}.Debug|Any CPU.ActiveCfg = Debug|Any CPU
		{ED1EB48D-F879-42E1-A604-106B64A6B95D}.Debug|Any CPU.Build.0 = Debug|Any CPU
		{ED1EB48D-F879-42E1-A604-106B64A6B95D}.Release|Any CPU.ActiveCfg = Release|Any CPU
		{ED1EB48D-F879-42E1-A604-106B64A6B95D}.Release|Any CPU.Build.0 = Release|Any CPU
	EndGlobalSection
	GlobalSection(SolutionProperties) = preSolution
		HideSolutionNode = FALSE
	EndGlobalSection
	GlobalSection(ExtensibilityGlobals) = postSolution
		SolutionGuid = {3AE51960-AE9A-442F-B61F-44B56C17BD0A}
	EndGlobalSection
EndGlobal
